// !$*UTF8*$!
{
	archiveVersion = 1;
	classes = {
	};
	objectVersion = 55;
	objects = {

/* Begin PBXBuildFile section */
		743DF1DF2A1F4EF300774B4C /* Kingfisher in Frameworks */ = {isa = PBXBuildFile; productRef = 743DF1DE2A1F4EF300774B4C /* Kingfisher */; };
		7450719E2A1FCE6100B3BF5A /* ProductsTableViewCell.swift in Sources */ = {isa = PBXBuildFile; fileRef = 7450719C2A1FCE6100B3BF5A /* ProductsTableViewCell.swift */; };
		7450719F2A1FCE6100B3BF5A /* ProductsTableViewCell.xib in Resources */ = {isa = PBXBuildFile; fileRef = 7450719D2A1FCE6100B3BF5A /* ProductsTableViewCell.xib */; };
		745071A42A1FDE5D00B3BF5A /* CategoryCollectionViewCell.swift in Sources */ = {isa = PBXBuildFile; fileRef = 745071A22A1FDE5D00B3BF5A /* CategoryCollectionViewCell.swift */; };
		745071A52A1FDE5D00B3BF5A /* CategoryCollectionViewCell.xib in Resources */ = {isa = PBXBuildFile; fileRef = 745071A32A1FDE5D00B3BF5A /* CategoryCollectionViewCell.xib */; };
		745071A82A1FDF8100B3BF5A /* BannerCollectionViewCell.swift in Sources */ = {isa = PBXBuildFile; fileRef = 745071A62A1FDF8100B3BF5A /* BannerCollectionViewCell.swift */; };
		745071A92A1FDF8100B3BF5A /* BannerCollectionViewCell.xib in Resources */ = {isa = PBXBuildFile; fileRef = 745071A72A1FDF8100B3BF5A /* BannerCollectionViewCell.xib */; };
		745071AC2A1FE16F00B3BF5A /* ProductDetailCollectionViewCell.swift in Sources */ = {isa = PBXBuildFile; fileRef = 745071AA2A1FE16F00B3BF5A /* ProductDetailCollectionViewCell.swift */; };
		745071AD2A1FE16F00B3BF5A /* ProductDetailCollectionViewCell.xib in Resources */ = {isa = PBXBuildFile; fileRef = 745071AB2A1FE16F00B3BF5A /* ProductDetailCollectionViewCell.xib */; };
		7484D2FF2A1F1DFD0025A5FD /* AppDelegate.swift in Sources */ = {isa = PBXBuildFile; fileRef = 7484D2FE2A1F1DFD0025A5FD /* AppDelegate.swift */; };
		7484D3012A1F1DFD0025A5FD /* SceneDelegate.swift in Sources */ = {isa = PBXBuildFile; fileRef = 7484D3002A1F1DFD0025A5FD /* SceneDelegate.swift */; };
		7484D3032A1F1DFD0025A5FD /* ViewController.swift in Sources */ = {isa = PBXBuildFile; fileRef = 7484D3022A1F1DFD0025A5FD /* ViewController.swift */; };
		7484D3062A1F1DFD0025A5FD /* Main.storyboard in Resources */ = {isa = PBXBuildFile; fileRef = 7484D3042A1F1DFD0025A5FD /* Main.storyboard */; };
		7484D3082A1F1DFE0025A5FD /* Assets.xcassets in Resources */ = {isa = PBXBuildFile; fileRef = 7484D3072A1F1DFE0025A5FD /* Assets.xcassets */; };
		7484D30B2A1F1DFE0025A5FD /* LaunchScreen.storyboard in Resources */ = {isa = PBXBuildFile; fileRef = 7484D3092A1F1DFE0025A5FD /* LaunchScreen.storyboard */; };
		7484D3172A1F1E6E0025A5FD /* APICaller.swift in Sources */ = {isa = PBXBuildFile; fileRef = 7484D3162A1F1E6E0025A5FD /* APICaller.swift */; };
		7484D31B2A1F1E9D0025A5FD /* ResponseModel.swift in Sources */ = {isa = PBXBuildFile; fileRef = 7484D31A2A1F1E9D0025A5FD /* ResponseModel.swift */; };
		7484D32D2A1F38560025A5FD /* Constants.swift in Sources */ = {isa = PBXBuildFile; fileRef = 7484D32C2A1F38560025A5FD /* Constants.swift */; };
/* End PBXBuildFile section */

/* Begin PBXFileReference section */
		7450719C2A1FCE6100B3BF5A /* ProductsTableViewCell.swift */ = {isa = PBXFileReference; lastKnownFileType = sourcecode.swift; path = ProductsTableViewCell.swift; sourceTree = "<group>"; };
		7450719D2A1FCE6100B3BF5A /* ProductsTableViewCell.xib */ = {isa = PBXFileReference; lastKnownFileType = file.xib; path = ProductsTableViewCell.xib; sourceTree = "<group>"; };
		745071A22A1FDE5D00B3BF5A /* CategoryCollectionViewCell.swift */ = {isa = PBXFileReference; lastKnownFileType = sourcecode.swift; path = CategoryCollectionViewCell.swift; sourceTree = "<group>"; };
		745071A32A1FDE5D00B3BF5A /* CategoryCollectionViewCell.xib */ = {isa = PBXFileReference; lastKnownFileType = file.xib; path = CategoryCollectionViewCell.xib; sourceTree = "<group>"; };
		745071A62A1FDF8100B3BF5A /* BannerCollectionViewCell.swift */ = {isa = PBXFileReference; lastKnownFileType = sourcecode.swift; path = BannerCollectionViewCell.swift; sourceTree = "<group>"; };
		745071A72A1FDF8100B3BF5A /* BannerCollectionViewCell.xib */ = {isa = PBXFileReference; lastKnownFileType = file.xib; path = BannerCollectionViewCell.xib; sourceTree = "<group>"; };
		745071AA2A1FE16F00B3BF5A /* ProductDetailCollectionViewCell.swift */ = {isa = PBXFileReference; lastKnownFileType = sourcecode.swift; path = ProductDetailCollectionViewCell.swift; sourceTree = "<group>"; };
		745071AB2A1FE16F00B3BF5A /* ProductDetailCollectionViewCell.xib */ = {isa = PBXFileReference; lastKnownFileType = file.xib; path = ProductDetailCollectionViewCell.xib; sourceTree = "<group>"; };
		7484D2FB2A1F1DFD0025A5FD /* ECommerceWNC.app */ = {isa = PBXFileReference; explicitFileType = wrapper.application; includeInIndex = 0; path = ECommerceWNC.app; sourceTree = BUILT_PRODUCTS_DIR; };
		7484D2FE2A1F1DFD0025A5FD /* AppDelegate.swift */ = {isa = PBXFileReference; lastKnownFileType = sourcecode.swift; path = AppDelegate.swift; sourceTree = "<group>"; };
		7484D3002A1F1DFD0025A5FD /* SceneDelegate.swift */ = {isa = PBXFileReference; lastKnownFileType = sourcecode.swift; path = SceneDelegate.swift; sourceTree = "<group>"; };
		7484D3022A1F1DFD0025A5FD /* ViewController.swift */ = {isa = PBXFileReference; lastKnownFileType = sourcecode.swift; path = ViewController.swift; sourceTree = "<group>"; };
		7484D3052A1F1DFD0025A5FD /* Base */ = {isa = PBXFileReference; lastKnownFileType = file.storyboard; name = Base; path = Base.lproj/Main.storyboard; sourceTree = "<group>"; };
		7484D3072A1F1DFE0025A5FD /* Assets.xcassets */ = {isa = PBXFileReference; lastKnownFileType = folder.assetcatalog; path = Assets.xcassets; sourceTree = "<group>"; };
		7484D30A2A1F1DFE0025A5FD /* Base */ = {isa = PBXFileReference; lastKnownFileType = file.storyboard; name = Base; path = Base.lproj/LaunchScreen.storyboard; sourceTree = "<group>"; };
		7484D30C2A1F1DFE0025A5FD /* Info.plist */ = {isa = PBXFileReference; lastKnownFileType = text.plist.xml; path = Info.plist; sourceTree = "<group>"; };
		7484D3162A1F1E6E0025A5FD /* APICaller.swift */ = {isa = PBXFileReference; lastKnownFileType = sourcecode.swift; path = APICaller.swift; sourceTree = "<group>"; };
		7484D31A2A1F1E9D0025A5FD /* ResponseModel.swift */ = {isa = PBXFileReference; lastKnownFileType = sourcecode.swift; path = ResponseModel.swift; sourceTree = "<group>"; };
		7484D32C2A1F38560025A5FD /* Constants.swift */ = {isa = PBXFileReference; lastKnownFileType = sourcecode.swift; path = Constants.swift; sourceTree = "<group>"; };
/* End PBXFileReference section */

/* Begin PBXFrameworksBuildPhase section */
		7484D2F82A1F1DFD0025A5FD /* Frameworks */ = {
			isa = PBXFrameworksBuildPhase;
			buildActionMask = 2147483647;
			files = (
				743DF1DF2A1F4EF300774B4C /* Kingfisher in Frameworks */,
			);
			runOnlyForDeploymentPostprocessing = 0;
		};
/* End PBXFrameworksBuildPhase section */

/* Begin PBXGroup section */
		7450719B2A1FCE3B00B3BF5A /* ProductsTableviewCell */ = {
			isa = PBXGroup;
			children = (
				7450719C2A1FCE6100B3BF5A /* ProductsTableViewCell.swift */,
				7450719D2A1FCE6100B3BF5A /* ProductsTableViewCell.xib */,
			);
			path = ProductsTableviewCell;
			sourceTree = "<group>";
		};
		745071A12A1FDAB200B3BF5A /* Controllers */ = {
			isa = PBXGroup;
			children = (
				7484D3022A1F1DFD0025A5FD /* ViewController.swift */,
			);
			path = Controllers;
			sourceTree = "<group>";
		};
		7484D2F22A1F1DFD0025A5FD = {
			isa = PBXGroup;
			children = (
				7484D2FD2A1F1DFD0025A5FD /* ECommerceWNC */,
				7484D2FC2A1F1DFD0025A5FD /* Products */,
			);
			sourceTree = "<group>";
		};
		7484D2FC2A1F1DFD0025A5FD /* Products */ = {
			isa = PBXGroup;
			children = (
				7484D2FB2A1F1DFD0025A5FD /* ECommerceWNC.app */,
			);
			name = Products;
			sourceTree = "<group>";
		};
		7484D2FD2A1F1DFD0025A5FD /* ECommerceWNC */ = {
			isa = PBXGroup;
			children = (
				7484D32B2A1F38450025A5FD /* Constants */,
				7484D3152A1F1E4F0025A5FD /* ViewModel */,
				7484D3142A1F1E3A0025A5FD /* Resources */,
				7484D3132A1F1E270025A5FD /* Views */,
				7484D3122A1F1E1F0025A5FD /* Model */,
				7484D3042A1F1DFD0025A5FD /* Main.storyboard */,
				7484D3072A1F1DFE0025A5FD /* Assets.xcassets */,
				7484D3092A1F1DFE0025A5FD /* LaunchScreen.storyboard */,
				7484D30C2A1F1DFE0025A5FD /* Info.plist */,
			);
			path = ECommerceWNC;
			sourceTree = "<group>";
		};
		7484D3122A1F1E1F0025A5FD /* Model */ = {
			isa = PBXGroup;
			children = (
				7484D3192A1F1E830025A5FD /* ResponseModel */,
			);
			path = Model;
			sourceTree = "<group>";
		};
		7484D3132A1F1E270025A5FD /* Views */ = {
			isa = PBXGroup;
			children = (
				7450719B2A1FCE3B00B3BF5A /* ProductsTableviewCell */,
				7484D31E2A1F22240025A5FD /* ProductsCell */,
				7484D31D2A1F221B0025A5FD /* BannerCell */,
				7484D31C2A1F21EA0025A5FD /* CategoryCell */,
			);
			path = Views;
			sourceTree = "<group>";
		};
		7484D3142A1F1E3A0025A5FD /* Resources */ = {
			isa = PBXGroup;
			children = (
				7484D2FE2A1F1DFD0025A5FD /* AppDelegate.swift */,
				7484D3002A1F1DFD0025A5FD /* SceneDelegate.swift */,
			);
			path = Resources;
			sourceTree = "<group>";
		};
		7484D3152A1F1E4F0025A5FD /* ViewModel */ = {
			isa = PBXGroup;
			children = (
				745071A12A1FDAB200B3BF5A /* Controllers */,
				7484D3182A1F1E730025A5FD /* APICaller */,
			);
			path = ViewModel;
			sourceTree = "<group>";
		};
		7484D3182A1F1E730025A5FD /* APICaller */ = {
			isa = PBXGroup;
			children = (
				7484D3162A1F1E6E0025A5FD /* APICaller.swift */,
			);
			path = APICaller;
			sourceTree = "<group>";
		};
		7484D3192A1F1E830025A5FD /* ResponseModel */ = {
			isa = PBXGroup;
			children = (
				7484D31A2A1F1E9D0025A5FD /* ResponseModel.swift */,
			);
			path = ResponseModel;
			sourceTree = "<group>";
		};
		7484D31C2A1F21EA0025A5FD /* CategoryCell */ = {
			isa = PBXGroup;
			children = (
				745071A22A1FDE5D00B3BF5A /* CategoryCollectionViewCell.swift */,
				745071A32A1FDE5D00B3BF5A /* CategoryCollectionViewCell.xib */,
			);
			path = CategoryCell;
			sourceTree = "<group>";
		};
		7484D31D2A1F221B0025A5FD /* BannerCell */ = {
			isa = PBXGroup;
			children = (
				745071A62A1FDF8100B3BF5A /* BannerCollectionViewCell.swift */,
				745071A72A1FDF8100B3BF5A /* BannerCollectionViewCell.xib */,
			);
			path = BannerCell;
			sourceTree = "<group>";
		};
		7484D31E2A1F22240025A5FD /* ProductsCell */ = {
			isa = PBXGroup;
			children = (
				745071AA2A1FE16F00B3BF5A /* ProductDetailCollectionViewCell.swift */,
				745071AB2A1FE16F00B3BF5A /* ProductDetailCollectionViewCell.xib */,
			);
			path = ProductsCell;
			sourceTree = "<group>";
		};
		7484D32B2A1F38450025A5FD /* Constants */ = {
			isa = PBXGroup;
			children = (
				7484D32C2A1F38560025A5FD /* Constants.swift */,
			);
			path = Constants;
			sourceTree = "<group>";
		};
/* End PBXGroup section */

/* Begin PBXNativeTarget section */
		7484D2FA2A1F1DFD0025A5FD /* ECommerceWNC */ = {
			isa = PBXNativeTarget;
			buildConfigurationList = 7484D30F2A1F1DFE0025A5FD /* Build configuration list for PBXNativeTarget "ECommerceWNC" */;
			buildPhases = (
				7484D2F72A1F1DFD0025A5FD /* Sources */,
				7484D2F82A1F1DFD0025A5FD /* Frameworks */,
				7484D2F92A1F1DFD0025A5FD /* Resources */,
			);
			buildRules = (
			);
			dependencies = (
			);
			name = ECommerceWNC;
			packageProductDependencies = (
				743DF1DE2A1F4EF300774B4C /* Kingfisher */,
			);
			productName = ECommerceWNC;
			productReference = 7484D2FB2A1F1DFD0025A5FD /* ECommerceWNC.app */;
			productType = "com.apple.product-type.application";
		};
/* End PBXNativeTarget section */

/* Begin PBXProject section */
		7484D2F32A1F1DFD0025A5FD /* Project object */ = {
			isa = PBXProject;
			attributes = {
				BuildIndependentTargetsInParallel = 1;
				LastSwiftUpdateCheck = 1430;
				LastUpgradeCheck = 1430;
				TargetAttributes = {
					7484D2FA2A1F1DFD0025A5FD = {
						CreatedOnToolsVersion = 14.3;
					};
				};
			};
			buildConfigurationList = 7484D2F62A1F1DFD0025A5FD /* Build configuration list for PBXProject "ECommerceWNC" */;
			compatibilityVersion = "Xcode 13.0";
			developmentRegion = en;
			hasScannedForEncodings = 0;
			knownRegions = (
				en,
				Base,
			);
			mainGroup = 7484D2F22A1F1DFD0025A5FD;
			packageReferences = (
				743DF1DD2A1F4EF300774B4C /* XCRemoteSwiftPackageReference "Kingfisher" */,
			);
			productRefGroup = 7484D2FC2A1F1DFD0025A5FD /* Products */;
			projectDirPath = "";
			projectRoot = "";
			targets = (
				7484D2FA2A1F1DFD0025A5FD /* ECommerceWNC */,
			);
		};
/* End PBXProject section */

/* Begin PBXResourcesBuildPhase section */
		7484D2F92A1F1DFD0025A5FD /* Resources */ = {
			isa = PBXResourcesBuildPhase;
			buildActionMask = 2147483647;
			files = (
				745071A52A1FDE5D00B3BF5A /* CategoryCollectionViewCell.xib in Resources */,
				7484D30B2A1F1DFE0025A5FD /* LaunchScreen.storyboard in Resources */,
				7484D3082A1F1DFE0025A5FD /* Assets.xcassets in Resources */,
				7450719F2A1FCE6100B3BF5A /* ProductsTableViewCell.xib in Resources */,
				745071A92A1FDF8100B3BF5A /* BannerCollectionViewCell.xib in Resources */,
				7484D3062A1F1DFD0025A5FD /* Main.storyboard in Resources */,
				745071AD2A1FE16F00B3BF5A /* ProductDetailCollectionViewCell.xib in Resources */,
			);
			runOnlyForDeploymentPostprocessing = 0;
		};
/* End PBXResourcesBuildPhase section */

/* Begin PBXSourcesBuildPhase section */
		7484D2F72A1F1DFD0025A5FD /* Sources */ = {
			isa = PBXSourcesBuildPhase;
			buildActionMask = 2147483647;
			files = (
				7484D31B2A1F1E9D0025A5FD /* ResponseModel.swift in Sources */,
				7450719E2A1FCE6100B3BF5A /* ProductsTableViewCell.swift in Sources */,
				7484D3032A1F1DFD0025A5FD /* ViewController.swift in Sources */,
				7484D2FF2A1F1DFD0025A5FD /* AppDelegate.swift in Sources */,
				745071A42A1FDE5D00B3BF5A /* CategoryCollectionViewCell.swift in Sources */,
				745071AC2A1FE16F00B3BF5A /* ProductDetailCollectionViewCell.swift in Sources */,
				7484D3012A1F1DFD0025A5FD /* SceneDelegate.swift in Sources */,
				7484D3172A1F1E6E0025A5FD /* APICaller.swift in Sources */,
				745071A82A1FDF8100B3BF5A /* BannerCollectionViewCell.swift in Sources */,
				7484D32D2A1F38560025A5FD /* Constants.swift in Sources */,
			);
			runOnlyForDeploymentPostprocessing = 0;
		};
/* End PBXSourcesBuildPhase section */

/* Begin PBXVariantGroup section */
		7484D3042A1F1DFD0025A5FD /* Main.storyboard */ = {
			isa = PBXVariantGroup;
			children = (
				7484D3052A1F1DFD0025A5FD /* Base */,
			);
			name = Main.storyboard;
			sourceTree = "<group>";
		};
		7484D3092A1F1DFE0025A5FD /* LaunchScreen.storyboard */ = {
			isa = PBXVariantGroup;
			children = (
				7484D30A2A1F1DFE0025A5FD /* Base */,
			);
			name = LaunchScreen.storyboard;
			sourceTree = "<group>";
		};
/* End PBXVariantGroup section */

/* Begin XCBuildConfiguration section */
		7484D30D2A1F1DFE0025A5FD /* Debug */ = {
			isa = XCBuildConfiguration;
			buildSettings = {
				ALWAYS_SEARCH_USER_PATHS = NO;
				CLANG_ANALYZER_NONNULL = YES;
				CLANG_ANALYZER_NUMBER_OBJECT_CONVERSION = YES_AGGRESSIVE;
				CLANG_CXX_LANGUAGE_STANDARD = "gnu++20";
				CLANG_ENABLE_MODULES = YES;
				CLANG_ENABLE_OBJC_ARC = YES;
				CLANG_ENABLE_OBJC_WEAK = YES;
				CLANG_WARN_BLOCK_CAPTURE_AUTORELEASING = YES;
				CLANG_WARN_BOOL_CONVERSION = YES;
				CLANG_WARN_COMMA = YES;
				CLANG_WARN_CONSTANT_CONVERSION = YES;
				CLANG_WARN_DEPRECATED_OBJC_IMPLEMENTATIONS = YES;
				CLANG_WARN_DIRECT_OBJC_ISA_USAGE = YES_ERROR;
				CLANG_WARN_DOCUMENTATION_COMMENTS = YES;
				CLANG_WARN_EMPTY_BODY = YES;
				CLANG_WARN_ENUM_CONVERSION = YES;
				CLANG_WARN_INFINITE_RECURSION = YES;
				CLANG_WARN_INT_CONVERSION = YES;
				CLANG_WARN_NON_LITERAL_NULL_CONVERSION = YES;
				CLANG_WARN_OBJC_IMPLICIT_RETAIN_SELF = YES;
				CLANG_WARN_OBJC_LITERAL_CONVERSION = YES;
				CLANG_WARN_OBJC_ROOT_CLASS = YES_ERROR;
				CLANG_WARN_QUOTED_INCLUDE_IN_FRAMEWORK_HEADER = YES;
				CLANG_WARN_RANGE_LOOP_ANALYSIS = YES;
				CLANG_WARN_STRICT_PROTOTYPES = YES;
				CLANG_WARN_SUSPICIOUS_MOVE = YES;
				CLANG_WARN_UNGUARDED_AVAILABILITY = YES_AGGRESSIVE;
				CLANG_WARN_UNREACHABLE_CODE = YES;
				CLANG_WARN__DUPLICATE_METHOD_MATCH = YES;
				COPY_PHASE_STRIP = NO;
				DEBUG_INFORMATION_FORMAT = dwarf;
				ENABLE_STRICT_OBJC_MSGSEND = YES;
				ENABLE_TESTABILITY = YES;
				GCC_C_LANGUAGE_STANDARD = gnu11;
				GCC_DYNAMIC_NO_PIC = NO;
				GCC_NO_COMMON_BLOCKS = YES;
				GCC_OPTIMIZATION_LEVEL = 0;
				GCC_PREPROCESSOR_DEFINITIONS = (
					"DEBUG=1",
					"$(inherited)",
				);
				GCC_WARN_64_TO_32_BIT_CONVERSION = YES;
				GCC_WARN_ABOUT_RETURN_TYPE = YES_ERROR;
				GCC_WARN_UNDECLARED_SELECTOR = YES;
				GCC_WARN_UNINITIALIZED_AUTOS = YES_AGGRESSIVE;
				GCC_WARN_UNUSED_FUNCTION = YES;
				GCC_WARN_UNUSED_VARIABLE = YES;
				IPHONEOS_DEPLOYMENT_TARGET = 16.4;
				MTL_ENABLE_DEBUG_INFO = INCLUDE_SOURCE;
				MTL_FAST_MATH = YES;
				ONLY_ACTIVE_ARCH = YES;
				SDKROOT = iphoneos;
				SWIFT_ACTIVE_COMPILATION_CONDITIONS = DEBUG;
				SWIFT_OPTIMIZATION_LEVEL = "-Onone";
			};
			name = Debug;
		};
		7484D30E2A1F1DFE0025A5FD /* Release */ = {
			isa = XCBuildConfiguration;
			buildSettings = {
				ALWAYS_SEARCH_USER_PATHS = NO;
				CLANG_ANALYZER_NONNULL = YES;
				CLANG_ANALYZER_NUMBER_OBJECT_CONVERSION = YES_AGGRESSIVE;
				CLANG_CXX_LANGUAGE_STANDARD = "gnu++20";
				CLANG_ENABLE_MODULES = YES;
				CLANG_ENABLE_OBJC_ARC = YES;
				CLANG_ENABLE_OBJC_WEAK = YES;
				CLANG_WARN_BLOCK_CAPTURE_AUTORELEASING = YES;
				CLANG_WARN_BOOL_CONVERSION = YES;
				CLANG_WARN_COMMA = YES;
				CLANG_WARN_CONSTANT_CONVERSION = YES;
				CLANG_WARN_DEPRECATED_OBJC_IMPLEMENTATIONS = YES;
				CLANG_WARN_DIRECT_OBJC_ISA_USAGE = YES_ERROR;
				CLANG_WARN_DOCUMENTATION_COMMENTS = YES;
				CLANG_WARN_EMPTY_BODY = YES;
				CLANG_WARN_ENUM_CONVERSION = YES;
				CLANG_WARN_INFINITE_RECURSION = YES;
				CLANG_WARN_INT_CONVERSION = YES;
				CLANG_WARN_NON_LITERAL_NULL_CONVERSION = YES;
				CLANG_WARN_OBJC_IMPLICIT_RETAIN_SELF = YES;
				CLANG_WARN_OBJC_LITERAL_CONVERSION = YES;
				CLANG_WARN_OBJC_ROOT_CLASS = YES_ERROR;
				CLANG_WARN_QUOTED_INCLUDE_IN_FRAMEWORK_HEADER = YES;
				CLANG_WARN_RANGE_LOOP_ANALYSIS = YES;
				CLANG_WARN_STRICT_PROTOTYPES = YES;
				CLANG_WARN_SUSPICIOUS_MOVE = YES;
				CLANG_WARN_UNGUARDED_AVAILABILITY = YES_AGGRESSIVE;
				CLANG_WARN_UNREACHABLE_CODE = YES;
				CLANG_WARN__DUPLICATE_METHOD_MATCH = YES;
				COPY_PHASE_STRIP = NO;
				DEBUG_INFORMATION_FORMAT = "dwarf-with-dsym";
				ENABLE_NS_ASSERTIONS = NO;
				ENABLE_STRICT_OBJC_MSGSEND = YES;
				GCC_C_LANGUAGE_STANDARD = gnu11;
				GCC_NO_COMMON_BLOCKS = YES;
				GCC_WARN_64_TO_32_BIT_CONVERSION = YES;
				GCC_WARN_ABOUT_RETURN_TYPE = YES_ERROR;
				GCC_WARN_UNDECLARED_SELECTOR = YES;
				GCC_WARN_UNINITIALIZED_AUTOS = YES_AGGRESSIVE;
				GCC_WARN_UNUSED_FUNCTION = YES;
				GCC_WARN_UNUSED_VARIABLE = YES;
				IPHONEOS_DEPLOYMENT_TARGET = 16.4;
				MTL_ENABLE_DEBUG_INFO = NO;
				MTL_FAST_MATH = YES;
				SDKROOT = iphoneos;
				SWIFT_COMPILATION_MODE = wholemodule;
				SWIFT_OPTIMIZATION_LEVEL = "-O";
				VALIDATE_PRODUCT = YES;
			};
			name = Release;
		};
		7484D3102A1F1DFE0025A5FD /* Debug */ = {
			isa = XCBuildConfiguration;
			buildSettings = {
				ASSETCATALOG_COMPILER_APPICON_NAME = AppIcon;
				ASSETCATALOG_COMPILER_GLOBAL_ACCENT_COLOR_NAME = AccentColor;
				CODE_SIGN_STYLE = Automatic;
				CURRENT_PROJECT_VERSION = 1;
				GENERATE_INFOPLIST_FILE = YES;
				INFOPLIST_FILE = ECommerceWNC/Info.plist;
				INFOPLIST_KEY_UIApplicationSupportsIndirectInputEvents = YES;
				INFOPLIST_KEY_UILaunchStoryboardName = LaunchScreen;
				INFOPLIST_KEY_UIMainStoryboardFile = Main;
				INFOPLIST_KEY_UISupportedInterfaceOrientations_iPad = "UIInterfaceOrientationPortrait UIInterfaceOrientationPortraitUpsideDown UIInterfaceOrientationLandscapeLeft UIInterfaceOrientationLandscapeRight";
				INFOPLIST_KEY_UISupportedInterfaceOrientations_iPhone = "UIInterfaceOrientationPortrait UIInterfaceOrientationLandscapeLeft UIInterfaceOrientationLandscapeRight";
				IPHONEOS_DEPLOYMENT_TARGET = 15.4;
				LD_RUNPATH_SEARCH_PATHS = (
					"$(inherited)",
					"@executable_path/Frameworks",
				);
				MARKETING_VERSION = 1.0;
				PRODUCT_BUNDLE_IDENTIFIER = com.rencheeraj.ECommerceWNC;
				PRODUCT_NAME = "$(TARGET_NAME)";
				SWIFT_EMIT_LOC_STRINGS = YES;
				SWIFT_VERSION = 5.0;
				TARGETED_DEVICE_FAMILY = "1,2";
			};
			name = Debug;
		};
		7484D3112A1F1DFE0025A5FD /* Release */ = {
			isa = XCBuildConfiguration;
			buildSettings = {
				ASSETCATALOG_COMPILER_APPICON_NAME = AppIcon;
				ASSETCATALOG_COMPILER_GLOBAL_ACCENT_COLOR_NAME = AccentColor;
				CODE_SIGN_STYLE = Automatic;
				CURRENT_PROJECT_VERSION = 1;
				GENERATE_INFOPLIST_FILE = YES;
				INFOPLIST_FILE = ECommerceWNC/Info.plist;
				INFOPLIST_KEY_UIApplicationSupportsIndirectInputEvents = YES;
				INFOPLIST_KEY_UILaunchStoryboardName = LaunchScreen;
				INFOPLIST_KEY_UIMainStoryboardFile = Main;
				INFOPLIST_KEY_UISupportedInterfaceOrientations_iPad = "UIInterfaceOrientationPortrait UIInterfaceOrientationPortraitUpsideDown UIInterfaceOrientationLandscapeLeft UIInterfaceOrientationLandscapeRight";
				INFOPLIST_KEY_UISupportedInterfaceOrientations_iPhone = "UIInterfaceOrientationPortrait UIInterfaceOrientationLandscapeLeft UIInterfaceOrientationLandscapeRight";
				IPHONEOS_DEPLOYMENT_TARGET = 15.4;
				LD_RUNPATH_SEARCH_PATHS = (
					"$(inherited)",
					"@executable_path/Frameworks",
				);
				MARKETING_VERSION = 1.0;
				PRODUCT_BUNDLE_IDENTIFIER = com.rencheeraj.ECommerceWNC;
				PRODUCT_NAME = "$(TARGET_NAME)";
				SWIFT_EMIT_LOC_STRINGS = YES;
				SWIFT_VERSION = 5.0;
				TARGETED_DEVICE_FAMILY = "1,2";
			};
			name = Release;
		};
/* End XCBuildConfiguration section */

/* Begin XCConfigurationList section */
		7484D2F62A1F1DFD0025A5FD /* Build configuration list for PBXProject "ECommerceWNC" */ = {
			isa = XCConfigurationList;
			buildConfigurations = (
				7484D30D2A1F1DFE0025A5FD /* Debug */,
				7484D30E2A1F1DFE0025A5FD /* Release */,
			);
			defaultConfigurationIsVisible = 0;
			defaultConfigurationName = Release;
		};
		7484D30F2A1F1DFE0025A5FD /* Build configuration list for PBXNativeTarget "ECommerceWNC" */ = {
			isa = XCConfigurationList;
			buildConfigurations = (
				7484D3102A1F1DFE0025A5FD /* Debug */,
				7484D3112A1F1DFE0025A5FD /* Release */,
			);
			defaultConfigurationIsVisible = 0;
			defaultConfigurationName = Release;
		};
/* End XCConfigurationList section */

/* Begin XCRemoteSwiftPackageReference section */
		743DF1DD2A1F4EF300774B4C /* XCRemoteSwiftPackageReference "Kingfisher" */ = {
			isa = XCRemoteSwiftPackageReference;
			repositoryURL = "https://github.com/onevcat/Kingfisher.git";
			requirement = {
				kind = upToNextMajorVersion;
				minimumVersion = 7.0.0;
			};
		};
/* End XCRemoteSwiftPackageReference section */

/* Begin XCSwiftPackageProductDependency section */
		743DF1DE2A1F4EF300774B4C /* Kingfisher */ = {
			isa = XCSwiftPackageProductDependency;
			package = 743DF1DD2A1F4EF300774B4C /* XCRemoteSwiftPackageReference "Kingfisher" */;
			productName = Kingfisher;
		};
/* End XCSwiftPackageProductDependency section */
	};
	rootObject = 7484D2F32A1F1DFD0025A5FD /* Project object */;
}
